
Microsoft Visual Studio Solution File, Format Version 12.00
# Visual Studio Version 16
VisualStudioVersion = 16.0.29230.61
MinimumVisualStudioVersion = 10.0.40219.1
Project("{9A19103F-16F7-4668-BE54-9A1E7A4F7556}") = "AJ.Std.Reflection", "AJ.Std.Reflection\AJ.Std.Reflection.csproj", "{B0842A7B-3BB1-4029-BA4D-46FEF2ABC859}"
EndProject
Project("{9A19103F-16F7-4668-BE54-9A1E7A4F7556}") = "AJ.Std.Collections.Contracts", "AJ.Std.Collections.Contracts\AJ.Std.Collections.Contracts.csproj", "{A8BCF979-793D-43D6-A5D0-8DD568485348}"
EndProject
Project("{9A19103F-16F7-4668-BE54-9A1E7A4F7556}") = "AJ.Std.Collections", "AJ.Std.Collections\AJ.Std.Collections.csproj", "{80E1D717-A4B3-4FD8-A551-4F86E5FFD961}"
EndProject
Project("{9A19103F-16F7-4668-BE54-9A1E7A4F7556}") = "AJ.Std.Composition.Contracts", "AJ.Std.Composition.Contracts\AJ.Std.Composition.Contracts.csproj", "{4E199A31-235B-4E1D-9281-C934AD9324E2}"
EndProject
Project("{9A19103F-16F7-4668-BE54-9A1E7A4F7556}") = "AJ.Std.Composition", "AJ.Std.Composition\AJ.Std.Composition.csproj", "{0E2DC81F-03CA-4A53-B9D6-8CC4B3519E4E}"
EndProject
Project("{9A19103F-16F7-4668-BE54-9A1E7A4F7556}") = "AJ.Std.Text.Contracts", "AJ.Std.Text.Contracts\AJ.Std.Text.Contracts.csproj", "{44C648D9-3677-4AC9-8E36-89ED40324F08}"
EndProject
Project("{9A19103F-16F7-4668-BE54-9A1E7A4F7556}") = "AJ.Std.Text", "AJ.Std.Text\AJ.Std.Text.csproj", "{6C7826F8-DF0E-4373-B381-58F1B1A7780E}"
EndProject
Project("{9A19103F-16F7-4668-BE54-9A1E7A4F7556}") = "AJ.Std.Time", "AJ.Std.Time\AJ.Std.Time.csproj", "{BB6D9F45-20BF-48B2-85FE-7AA15234DFB4}"
EndProject
Project("{9A19103F-16F7-4668-BE54-9A1E7A4F7556}") = "AJ.Std.UI.Contracts", "AJ.Std.UI.Contracts\AJ.Std.UI.Contracts.csproj", "{0FF56A8E-C9D8-444A-B243-2C196281D2E2}"
EndProject
Project("{9A19103F-16F7-4668-BE54-9A1E7A4F7556}") = "AJ.Std.Numeric", "AJ.Std.Numeric\AJ.Std.Numeric.csproj", "{D77D187D-4D99-4071-94ED-CF5FC5E7FF52}"
EndProject
Project("{9A19103F-16F7-4668-BE54-9A1E7A4F7556}") = "AJ.Std.Serial", "AJ.Std.Serial\AJ.Std.Serial.csproj", "{ACD221B7-4AB1-4211-A114-F77FE1D6D3A0}"
EndProject
Project("{9A19103F-16F7-4668-BE54-9A1E7A4F7556}") = "AJ.Std.Mvvm", "AJ.Std.Mvvm\AJ.Std.Mvvm.csproj", "{652CE825-F020-48D4-8964-CBB8EE168347}"
EndProject
Project("{9A19103F-16F7-4668-BE54-9A1E7A4F7556}") = "AJ.Std.Loggers.Contracts", "AJ.Std.Loggers.Contracts\AJ.Std.Loggers.Contracts.csproj", "{00B563C0-8E1B-4FAD-818F-847E62006640}"
EndProject
Project("{9A19103F-16F7-4668-BE54-9A1E7A4F7556}") = "AJ.Std.Loggers", "AJ.Std.Loggers\AJ.Std.Loggers.csproj", "{E67E93C6-826E-4098-9BBB-61BC16F69E07}"
EndProject
Project("{9A19103F-16F7-4668-BE54-9A1E7A4F7556}") = "AJ.Std.Concurrent.Contracts", "AJ.Std.Concurrent.Contracts\AJ.Std.Concurrent.Contracts.csproj", "{B3D584D0-6302-48D4-9CC5-5193F3B91FC7}"
EndProject
Project("{9A19103F-16F7-4668-BE54-9A1E7A4F7556}") = "AJ.Std.Concurrent", "AJ.Std.Concurrent\AJ.Std.Concurrent.csproj", "{A4F434FE-F8FD-49CD-9644-E6A53854A3AB}"
EndProject
Project("{9A19103F-16F7-4668-BE54-9A1E7A4F7556}") = "AJ.Std.Conversion.Contracts", "AJ.Std.Conversion.Contracts\AJ.Std.Conversion.Contracts.csproj", "{73716567-0F4A-4496-A1E0-7F5AAF2B0277}"
EndProject
Project("{9A19103F-16F7-4668-BE54-9A1E7A4F7556}") = "AJ.Std.DotNetExtensions", "AJ.Std.DotNetExtensions\AJ.Std.DotNetExtensions.csproj", "{458EF906-47ED-490B-B42C-DC1275058F17}"
EndProject
Project("{9A19103F-16F7-4668-BE54-9A1E7A4F7556}") = "AJ.Std.Identy.Contracts", "AJ.Std.Identy.Contracts\AJ.Std.Identy.Contracts.csproj", "{F46A094F-8250-4F31-BBF0-7337B472BE3D}"
EndProject
Project("{9A19103F-16F7-4668-BE54-9A1E7A4F7556}") = "AJ.Std.IO", "AJ.Std.IO\AJ.Std.IO.csproj", "{9385274A-8CC5-49FB-9781-F6325DA9F296}"
EndProject
Project("{9A19103F-16F7-4668-BE54-9A1E7A4F7556}") = "AJ.Std.Conversion", "AJ.Std.Conversion\AJ.Std.Conversion.csproj", "{A57E6568-740C-4A5A-BC01-8631D5D663F6}"
EndProject
Project("{9A19103F-16F7-4668-BE54-9A1E7A4F7556}") = "AJ.Std.Identy", "AJ.Std.Identy\AJ.Std.Identy.csproj", "{17467C30-834D-44D2-A06F-4403EA856BD3}"
EndProject
Global
	GlobalSection(SolutionConfigurationPlatforms) = preSolution
		Debug|Any CPU = Debug|Any CPU
		Release|Any CPU = Release|Any CPU
	EndGlobalSection
	GlobalSection(ProjectConfigurationPlatforms) = postSolution
		{B0842A7B-3BB1-4029-BA4D-46FEF2ABC859}.Debug|Any CPU.ActiveCfg = Debug|Any CPU
		{B0842A7B-3BB1-4029-BA4D-46FEF2ABC859}.Debug|Any CPU.Build.0 = Debug|Any CPU
		{B0842A7B-3BB1-4029-BA4D-46FEF2ABC859}.Release|Any CPU.ActiveCfg = Release|Any CPU
		{B0842A7B-3BB1-4029-BA4D-46FEF2ABC859}.Release|Any CPU.Build.0 = Release|Any CPU
		{A8BCF979-793D-43D6-A5D0-8DD568485348}.Debug|Any CPU.ActiveCfg = Debug|Any CPU
		{A8BCF979-793D-43D6-A5D0-8DD568485348}.Debug|Any CPU.Build.0 = Debug|Any CPU
		{A8BCF979-793D-43D6-A5D0-8DD568485348}.Release|Any CPU.ActiveCfg = Release|Any CPU
		{A8BCF979-793D-43D6-A5D0-8DD568485348}.Release|Any CPU.Build.0 = Release|Any CPU
		{80E1D717-A4B3-4FD8-A551-4F86E5FFD961}.Debug|Any CPU.ActiveCfg = Debug|Any CPU
		{80E1D717-A4B3-4FD8-A551-4F86E5FFD961}.Debug|Any CPU.Build.0 = Debug|Any CPU
		{80E1D717-A4B3-4FD8-A551-4F86E5FFD961}.Release|Any CPU.ActiveCfg = Release|Any CPU
		{80E1D717-A4B3-4FD8-A551-4F86E5FFD961}.Release|Any CPU.Build.0 = Release|Any CPU
		{4E199A31-235B-4E1D-9281-C934AD9324E2}.Debug|Any CPU.ActiveCfg = Debug|Any CPU
		{4E199A31-235B-4E1D-9281-C934AD9324E2}.Debug|Any CPU.Build.0 = Debug|Any CPU
		{4E199A31-235B-4E1D-9281-C934AD9324E2}.Release|Any CPU.ActiveCfg = Release|Any CPU
		{4E199A31-235B-4E1D-9281-C934AD9324E2}.Release|Any CPU.Build.0 = Release|Any CPU
		{0E2DC81F-03CA-4A53-B9D6-8CC4B3519E4E}.Debug|Any CPU.ActiveCfg = Debug|Any CPU
		{0E2DC81F-03CA-4A53-B9D6-8CC4B3519E4E}.Debug|Any CPU.Build.0 = Debug|Any CPU
		{0E2DC81F-03CA-4A53-B9D6-8CC4B3519E4E}.Release|Any CPU.ActiveCfg = Release|Any CPU
		{0E2DC81F-03CA-4A53-B9D6-8CC4B3519E4E}.Release|Any CPU.Build.0 = Release|Any CPU
		{44C648D9-3677-4AC9-8E36-89ED40324F08}.Debug|Any CPU.ActiveCfg = Debug|Any CPU
		{44C648D9-3677-4AC9-8E36-89ED40324F08}.Debug|Any CPU.Build.0 = Debug|Any CPU
		{44C648D9-3677-4AC9-8E36-89ED40324F08}.Release|Any CPU.ActiveCfg = Release|Any CPU
		{44C648D9-3677-4AC9-8E36-89ED40324F08}.Release|Any CPU.Build.0 = Release|Any CPU
		{6C7826F8-DF0E-4373-B381-58F1B1A7780E}.Debug|Any CPU.ActiveCfg = Debug|Any CPU
		{6C7826F8-DF0E-4373-B381-58F1B1A7780E}.Debug|Any CPU.Build.0 = Debug|Any CPU
		{6C7826F8-DF0E-4373-B381-58F1B1A7780E}.Release|Any CPU.ActiveCfg = Release|Any CPU
		{6C7826F8-DF0E-4373-B381-58F1B1A7780E}.Release|Any CPU.Build.0 = Release|Any CPU
		{BB6D9F45-20BF-48B2-85FE-7AA15234DFB4}.Debug|Any CPU.ActiveCfg = Debug|Any CPU
		{BB6D9F45-20BF-48B2-85FE-7AA15234DFB4}.Debug|Any CPU.Build.0 = Debug|Any CPU
		{BB6D9F45-20BF-48B2-85FE-7AA15234DFB4}.Release|Any CPU.ActiveCfg = Release|Any CPU
		{BB6D9F45-20BF-48B2-85FE-7AA15234DFB4}.Release|Any CPU.Build.0 = Release|Any CPU
		{0FF56A8E-C9D8-444A-B243-2C196281D2E2}.Debug|Any CPU.ActiveCfg = Debug|Any CPU
		{0FF56A8E-C9D8-444A-B243-2C196281D2E2}.Debug|Any CPU.Build.0 = Debug|Any CPU
		{0FF56A8E-C9D8-444A-B243-2C196281D2E2}.Release|Any CPU.ActiveCfg = Release|Any CPU
		{0FF56A8E-C9D8-444A-B243-2C196281D2E2}.Release|Any CPU.Build.0 = Release|Any CPU
		{D77D187D-4D99-4071-94ED-CF5FC5E7FF52}.Debug|Any CPU.ActiveCfg = Debug|Any CPU
		{D77D187D-4D99-4071-94ED-CF5FC5E7FF52}.Debug|Any CPU.Build.0 = Debug|Any CPU
		{D77D187D-4D99-4071-94ED-CF5FC5E7FF52}.Release|Any CPU.ActiveCfg = Release|Any CPU
		{D77D187D-4D99-4071-94ED-CF5FC5E7FF52}.Release|Any CPU.Build.0 = Release|Any CPU
		{ACD221B7-4AB1-4211-A114-F77FE1D6D3A0}.Debug|Any CPU.ActiveCfg = Debug|Any CPU
		{ACD221B7-4AB1-4211-A114-F77FE1D6D3A0}.Debug|Any CPU.Build.0 = Debug|Any CPU
		{ACD221B7-4AB1-4211-A114-F77FE1D6D3A0}.Release|Any CPU.ActiveCfg = Release|Any CPU
		{652CE825-F020-48D4-8964-CBB8EE168347}.Debug|Any CPU.ActiveCfg = Debug|Any CPU
		{652CE825-F020-48D4-8964-CBB8EE168347}.Debug|Any CPU.Build.0 = Debug|Any CPU
		{652CE825-F020-48D4-8964-CBB8EE168347}.Release|Any CPU.ActiveCfg = Release|Any CPU
		{652CE825-F020-48D4-8964-CBB8EE168347}.Release|Any CPU.Build.0 = Release|Any CPU
		{00B563C0-8E1B-4FAD-818F-847E62006640}.Debug|Any CPU.ActiveCfg = Debug|Any CPU
		{00B563C0-8E1B-4FAD-818F-847E62006640}.Debug|Any CPU.Build.0 = Debug|Any CPU
		{00B563C0-8E1B-4FAD-818F-847E62006640}.Release|Any CPU.ActiveCfg = Release|Any CPU
		{00B563C0-8E1B-4FAD-818F-847E62006640}.Release|Any CPU.Build.0 = Release|Any CPU
		{E67E93C6-826E-4098-9BBB-61BC16F69E07}.Debug|Any CPU.ActiveCfg = Debug|Any CPU
		{E67E93C6-826E-4098-9BBB-61BC16F69E07}.Debug|Any CPU.Build.0 = Debug|Any CPU
		{E67E93C6-826E-4098-9BBB-61BC16F69E07}.Release|Any CPU.ActiveCfg = Release|Any CPU
		{E67E93C6-826E-4098-9BBB-61BC16F69E07}.Release|Any CPU.Build.0 = Release|Any CPU
		{B3D584D0-6302-48D4-9CC5-5193F3B91FC7}.Debug|Any CPU.ActiveCfg = Debug|Any CPU
		{B3D584D0-6302-48D4-9CC5-5193F3B91FC7}.Debug|Any CPU.Build.0 = Debug|Any CPU
		{B3D584D0-6302-48D4-9CC5-5193F3B91FC7}.Release|Any CPU.ActiveCfg = Release|Any CPU
		{B3D584D0-6302-48D4-9CC5-5193F3B91FC7}.Release|Any CPU.Build.0 = Release|Any CPU
		{A4F434FE-F8FD-49CD-9644-E6A53854A3AB}.Debug|Any CPU.ActiveCfg = Debug|Any CPU
		{A4F434FE-F8FD-49CD-9644-E6A53854A3AB}.Debug|Any CPU.Build.0 = Debug|Any CPU
		{A4F434FE-F8FD-49CD-9644-E6A53854A3AB}.Release|Any CPU.ActiveCfg = Release|Any CPU
		{A4F434FE-F8FD-49CD-9644-E6A53854A3AB}.Release|Any CPU.Build.0 = Release|Any CPU
		{73716567-0F4A-4496-A1E0-7F5AAF2B0277}.Debug|Any CPU.ActiveCfg = Debug|Any CPU
		{73716567-0F4A-4496-A1E0-7F5AAF2B0277}.Debug|Any CPU.Build.0 = Debug|Any CPU
		{73716567-0F4A-4496-A1E0-7F5AAF2B0277}.Release|Any CPU.ActiveCfg = Release|Any CPU
		{73716567-0F4A-4496-A1E0-7F5AAF2B0277}.Release|Any CPU.Build.0 = Release|Any CPU
		{458EF906-47ED-490B-B42C-DC1275058F17}.Debug|Any CPU.ActiveCfg = Debug|Any CPU
		{458EF906-47ED-490B-B42C-DC1275058F17}.Debug|Any CPU.Build.0 = Debug|Any CPU
		{458EF906-47ED-490B-B42C-DC1275058F17}.Release|Any CPU.ActiveCfg = Release|Any CPU
		{458EF906-47ED-490B-B42C-DC1275058F17}.Release|Any CPU.Build.0 = Release|Any CPU
		{F46A094F-8250-4F31-BBF0-7337B472BE3D}.Debug|Any CPU.ActiveCfg = Debug|Any CPU
		{F46A094F-8250-4F31-BBF0-7337B472BE3D}.Debug|Any CPU.Build.0 = Debug|Any CPU
		{F46A094F-8250-4F31-BBF0-7337B472BE3D}.Release|Any CPU.ActiveCfg = Release|Any CPU
		{F46A094F-8250-4F31-BBF0-7337B472BE3D}.Release|Any CPU.Build.0 = Release|Any CPU
		{9385274A-8CC5-49FB-9781-F6325DA9F296}.Debug|Any CPU.ActiveCfg = Debug|Any CPU
		{9385274A-8CC5-49FB-9781-F6325DA9F296}.Debug|Any CPU.Build.0 = Debug|Any CPU
		{9385274A-8CC5-49FB-9781-F6325DA9F296}.Release|Any CPU.ActiveCfg = Release|Any CPU
		{9385274A-8CC5-49FB-9781-F6325DA9F296}.Release|Any CPU.Build.0 = Release|Any CPU
		{A57E6568-740C-4A5A-BC01-8631D5D663F6}.Debug|Any CPU.ActiveCfg = Debug|Any CPU
		{A57E6568-740C-4A5A-BC01-8631D5D663F6}.Debug|Any CPU.Build.0 = Debug|Any CPU
		{A57E6568-740C-4A5A-BC01-8631D5D663F6}.Release|Any CPU.ActiveCfg = Release|Any CPU
		{A57E6568-740C-4A5A-BC01-8631D5D663F6}.Release|Any CPU.Build.0 = Release|Any CPU
		{17467C30-834D-44D2-A06F-4403EA856BD3}.Debug|Any CPU.ActiveCfg = Debug|Any CPU
		{17467C30-834D-44D2-A06F-4403EA856BD3}.Debug|Any CPU.Build.0 = Debug|Any CPU
		{17467C30-834D-44D2-A06F-4403EA856BD3}.Release|Any CPU.ActiveCfg = Release|Any CPU
		{17467C30-834D-44D2-A06F-4403EA856BD3}.Release|Any CPU.Build.0 = Release|Any CPU
	EndGlobalSection
	GlobalSection(SolutionProperties) = preSolution
		HideSolutionNode = FALSE
	EndGlobalSection
	GlobalSection(ExtensibilityGlobals) = postSolution
		SolutionGuid = {683DACB4-2139-4CE6-A13E-F52758DFF6F4}
	EndGlobalSection
EndGlobal
