
Microsoft Visual Studio Solution File, Format Version 12.00
# Visual Studio Version 16
VisualStudioVersion = 16.0.29411.138
MinimumVisualStudioVersion = 10.0.40219.1
Project("{9A19103F-16F7-4668-BE54-9A1E7A4F7556}") = "AlienJust.Support.Collections", "AlienJust.Support.Collections\AlienJust.Support.Collections.csproj", "{8ED49397-49CF-497D-8326-F0DB9ABC4887}"
EndProject
Project("{9A19103F-16F7-4668-BE54-9A1E7A4F7556}") = "AlienJust.Support.Collections.Contracts", "AlienJust.Support.Collections.Contracts\AlienJust.Support.Collections.Contracts.csproj", "{71121174-4DF4-4AA6-B397-605DBE8487B0}"
EndProject
Project("{9A19103F-16F7-4668-BE54-9A1E7A4F7556}") = "AlienJust.Support.Composition", "AlienJust.Support.Composition\AlienJust.Support.Composition.csproj", "{6CCB3969-CDBE-4A87-8B0A-A2B29BC8AE62}"
EndProject
Project("{9A19103F-16F7-4668-BE54-9A1E7A4F7556}") = "AlienJust.Support.Composition.Contracts", "AlienJust.Support.Composition.Contracts\AlienJust.Support.Composition.Contracts.csproj", "{4ECBB446-C94C-4A84-B7EC-3E649DCE36B2}"
EndProject
Project("{9A19103F-16F7-4668-BE54-9A1E7A4F7556}") = "AlienJust.Support.Concurrent", "AlienJust.Support.Concurrent\AlienJust.Support.Concurrent.csproj", "{E7DF6918-3F02-41B9-924C-7BF081789730}"
EndProject
Project("{9A19103F-16F7-4668-BE54-9A1E7A4F7556}") = "AlienJust.Support.Concurrent.Contracts", "AlienJust.Support.Concurrent.Contracts\AlienJust.Support.Concurrent.Contracts.csproj", "{E5FE29AA-094F-4A29-8B0A-AC7E89133327}"
EndProject
Project("{9A19103F-16F7-4668-BE54-9A1E7A4F7556}") = "AlienJust.Support.Console", "AlienJust.Support.Console\AlienJust.Support.Console.csproj", "{A93E6139-1D2C-464F-8DDF-C6AAB134AB2A}"
EndProject
Project("{9A19103F-16F7-4668-BE54-9A1E7A4F7556}") = "AlienJust.Support.Conversion", "AlienJust.Support.Conversion\AlienJust.Support.Conversion.csproj", "{D0FFE39D-0A0A-4DE3-95BE-929CAAAC3172}"
EndProject
Project("{9A19103F-16F7-4668-BE54-9A1E7A4F7556}") = "AlienJust.Support.Conversion.Contracts", "AlienJust.Support.Conversion.Contracts\AlienJust.Support.Conversion.Contracts.csproj", "{7A7A8E0C-E311-4338-9B7E-217E3F1AB2E9}"
EndProject
Project("{9A19103F-16F7-4668-BE54-9A1E7A4F7556}") = "AlienJust.Support.DotNetExtensions", "AlienJust.Support.DotNetExtensions\AlienJust.Support.DotNetExtensions.csproj", "{8E080285-F471-45EC-A5D8-30CCFA2730CF}"
EndProject
Project("{9A19103F-16F7-4668-BE54-9A1E7A4F7556}") = "AlienJust.Support.Identy", "AlienJust.Support.Identy\AlienJust.Support.Identy.csproj", "{AED41652-B196-4B26-9A6B-9CEE7F73FA08}"
EndProject
Project("{9A19103F-16F7-4668-BE54-9A1E7A4F7556}") = "AlienJust.Support.Identy.Contracts", "AlienJust.Support.Identy.Contracts\AlienJust.Support.Identy.Contracts.csproj", "{8F981031-C11C-4415-ACB5-4451939094E2}"
EndProject
Project("{9A19103F-16F7-4668-BE54-9A1E7A4F7556}") = "AlienJust.Support.IO", "AlienJust.Support.IO\AlienJust.Support.IO.csproj", "{2B97B337-384F-4AFC-B7B5-B815069FED6B}"
EndProject
Project("{9A19103F-16F7-4668-BE54-9A1E7A4F7556}") = "AlienJust.Support.Loggers", "AlienJust.Support.Loggers\AlienJust.Support.Loggers.csproj", "{465AEAF1-86EF-402E-8214-B4B5BD86ECE9}"
EndProject
Project("{9A19103F-16F7-4668-BE54-9A1E7A4F7556}") = "AlienJust.Support.Loggers.Contracts", "AlienJust.Support.Loggers.Contracts\AlienJust.Support.Loggers.Contracts.csproj", "{3FC3B90C-74D5-4568-9932-666DCAD8F0C6}"
EndProject
Project("{9A19103F-16F7-4668-BE54-9A1E7A4F7556}") = "AlienJust.Support.Mvvm", "AlienJust.Support.Mvvm\AlienJust.Support.Mvvm.csproj", "{9AC87474-8775-4CE9-8E45-A624EEB72D4C}"
EndProject
Project("{9A19103F-16F7-4668-BE54-9A1E7A4F7556}") = "AlienJust.Support.Numeric", "AlienJust.Support.Numeric\AlienJust.Support.Numeric.csproj", "{032C00FD-973B-4CB3-BA7A-D082E144C824}"
EndProject
Project("{9A19103F-16F7-4668-BE54-9A1E7A4F7556}") = "AlienJust.Support.Reflection", "AlienJust.Support.Reflection\AlienJust.Support.Reflection.csproj", "{83C9EF81-AD46-4915-9FBE-A6E60A9E52EA}"
EndProject
Project("{9A19103F-16F7-4668-BE54-9A1E7A4F7556}") = "AlienJust.Support.Serial", "AlienJust.Support.Serial\AlienJust.Support.Serial.csproj", "{6C67B39D-48E4-4219-9A8A-26B1D0539447}"
EndProject
Project("{9A19103F-16F7-4668-BE54-9A1E7A4F7556}") = "AlienJust.Support.Text", "AlienJust.Support.Text\AlienJust.Support.Text.csproj", "{104F8172-2A00-4173-B724-9D359DC649A3}"
EndProject
Project("{9A19103F-16F7-4668-BE54-9A1E7A4F7556}") = "AlienJust.Support.Text.Contracts", "AlienJust.Support.Text.Contracts\AlienJust.Support.Text.Contracts.csproj", "{8E0FF1CE-48C5-4B4E-917E-05F3A4B541D0}"
EndProject
Project("{9A19103F-16F7-4668-BE54-9A1E7A4F7556}") = "AlienJust.Support.Time", "AlienJust.Support.Time\AlienJust.Support.Time.csproj", "{BB63EE73-7004-4D79-BC5E-EC6E5CFD3A95}"
EndProject
Project("{9A19103F-16F7-4668-BE54-9A1E7A4F7556}") = "AlienJust.Support.UI.Contracts", "AlienJust.Support.UI.Contracts\AlienJust.Support.UI.Contracts.csproj", "{E7A35B80-CC8B-4948-ADF2-C28151155D4B}"
EndProject
Project("{FAE04EC0-301F-11D3-BF4B-00C04F79EFBC}") = "AlienJust.Support.WinForms", "AlienJust.Support.WinForms\AlienJust.Support.WinForms.csproj", "{7FE3979F-BCA1-47E1-8FD1-8A662841369B}"
EndProject
Project("{FAE04EC0-301F-11D3-BF4B-00C04F79EFBC}") = "AlienJust.Support.Wpf", "AlienJust.Support.Wpf\AlienJust.Support.Wpf.csproj", "{FB84D3F7-6E57-44C9-A891-A8079872FA0E}"
EndProject
Project("{9A19103F-16F7-4668-BE54-9A1E7A4F7556}") = "AlienJust.Support.Loggers.Console", "AlienJust.Support.Loggers.Console\AlienJust.Support.Loggers.Console.csproj", "{81B5D126-AF6B-4D80-B94F-413EFC540F99}"
EndProject
Global
	GlobalSection(SolutionConfigurationPlatforms) = preSolution
		Debug|Any CPU = Debug|Any CPU
		Debug|x86 = Debug|x86
		Release|Any CPU = Release|Any CPU
		Release|x86 = Release|x86
	EndGlobalSection
	GlobalSection(ProjectConfigurationPlatforms) = postSolution
		{8ED49397-49CF-497D-8326-F0DB9ABC4887}.Debug|Any CPU.ActiveCfg = Debug|Any CPU
		{8ED49397-49CF-497D-8326-F0DB9ABC4887}.Debug|Any CPU.Build.0 = Debug|Any CPU
		{8ED49397-49CF-497D-8326-F0DB9ABC4887}.Debug|x86.ActiveCfg = Debug|Any CPU
		{8ED49397-49CF-497D-8326-F0DB9ABC4887}.Debug|x86.Build.0 = Debug|Any CPU
		{8ED49397-49CF-497D-8326-F0DB9ABC4887}.Release|Any CPU.ActiveCfg = Release|Any CPU
		{8ED49397-49CF-497D-8326-F0DB9ABC4887}.Release|Any CPU.Build.0 = Release|Any CPU
		{8ED49397-49CF-497D-8326-F0DB9ABC4887}.Release|x86.ActiveCfg = Release|Any CPU
		{8ED49397-49CF-497D-8326-F0DB9ABC4887}.Release|x86.Build.0 = Release|Any CPU
		{71121174-4DF4-4AA6-B397-605DBE8487B0}.Debug|Any CPU.ActiveCfg = Debug|Any CPU
		{71121174-4DF4-4AA6-B397-605DBE8487B0}.Debug|Any CPU.Build.0 = Debug|Any CPU
		{71121174-4DF4-4AA6-B397-605DBE8487B0}.Debug|x86.ActiveCfg = Debug|Any CPU
		{71121174-4DF4-4AA6-B397-605DBE8487B0}.Debug|x86.Build.0 = Debug|Any CPU
		{71121174-4DF4-4AA6-B397-605DBE8487B0}.Release|Any CPU.ActiveCfg = Release|Any CPU
		{71121174-4DF4-4AA6-B397-605DBE8487B0}.Release|Any CPU.Build.0 = Release|Any CPU
		{71121174-4DF4-4AA6-B397-605DBE8487B0}.Release|x86.ActiveCfg = Release|Any CPU
		{71121174-4DF4-4AA6-B397-605DBE8487B0}.Release|x86.Build.0 = Release|Any CPU
		{6CCB3969-CDBE-4A87-8B0A-A2B29BC8AE62}.Debug|Any CPU.ActiveCfg = Debug|Any CPU
		{6CCB3969-CDBE-4A87-8B0A-A2B29BC8AE62}.Debug|Any CPU.Build.0 = Debug|Any CPU
		{6CCB3969-CDBE-4A87-8B0A-A2B29BC8AE62}.Debug|x86.ActiveCfg = Debug|Any CPU
		{6CCB3969-CDBE-4A87-8B0A-A2B29BC8AE62}.Debug|x86.Build.0 = Debug|Any CPU
		{6CCB3969-CDBE-4A87-8B0A-A2B29BC8AE62}.Release|Any CPU.ActiveCfg = Release|Any CPU
		{6CCB3969-CDBE-4A87-8B0A-A2B29BC8AE62}.Release|Any CPU.Build.0 = Release|Any CPU
		{6CCB3969-CDBE-4A87-8B0A-A2B29BC8AE62}.Release|x86.ActiveCfg = Release|Any CPU
		{6CCB3969-CDBE-4A87-8B0A-A2B29BC8AE62}.Release|x86.Build.0 = Release|Any CPU
		{4ECBB446-C94C-4A84-B7EC-3E649DCE36B2}.Debug|Any CPU.ActiveCfg = Debug|Any CPU
		{4ECBB446-C94C-4A84-B7EC-3E649DCE36B2}.Debug|Any CPU.Build.0 = Debug|Any CPU
		{4ECBB446-C94C-4A84-B7EC-3E649DCE36B2}.Debug|x86.ActiveCfg = Debug|Any CPU
		{4ECBB446-C94C-4A84-B7EC-3E649DCE36B2}.Debug|x86.Build.0 = Debug|Any CPU
		{4ECBB446-C94C-4A84-B7EC-3E649DCE36B2}.Release|Any CPU.ActiveCfg = Release|Any CPU
		{4ECBB446-C94C-4A84-B7EC-3E649DCE36B2}.Release|Any CPU.Build.0 = Release|Any CPU
		{4ECBB446-C94C-4A84-B7EC-3E649DCE36B2}.Release|x86.ActiveCfg = Release|Any CPU
		{4ECBB446-C94C-4A84-B7EC-3E649DCE36B2}.Release|x86.Build.0 = Release|Any CPU
		{E7DF6918-3F02-41B9-924C-7BF081789730}.Debug|Any CPU.ActiveCfg = Debug|Any CPU
		{E7DF6918-3F02-41B9-924C-7BF081789730}.Debug|Any CPU.Build.0 = Debug|Any CPU
		{E7DF6918-3F02-41B9-924C-7BF081789730}.Debug|x86.ActiveCfg = Debug|Any CPU
		{E7DF6918-3F02-41B9-924C-7BF081789730}.Debug|x86.Build.0 = Debug|Any CPU
		{E7DF6918-3F02-41B9-924C-7BF081789730}.Release|Any CPU.ActiveCfg = Release|Any CPU
		{E7DF6918-3F02-41B9-924C-7BF081789730}.Release|Any CPU.Build.0 = Release|Any CPU
		{E7DF6918-3F02-41B9-924C-7BF081789730}.Release|x86.ActiveCfg = Release|Any CPU
		{E7DF6918-3F02-41B9-924C-7BF081789730}.Release|x86.Build.0 = Release|Any CPU
		{E5FE29AA-094F-4A29-8B0A-AC7E89133327}.Debug|Any CPU.ActiveCfg = Debug|Any CPU
		{E5FE29AA-094F-4A29-8B0A-AC7E89133327}.Debug|Any CPU.Build.0 = Debug|Any CPU
		{E5FE29AA-094F-4A29-8B0A-AC7E89133327}.Debug|x86.ActiveCfg = Debug|Any CPU
		{E5FE29AA-094F-4A29-8B0A-AC7E89133327}.Debug|x86.Build.0 = Debug|Any CPU
		{E5FE29AA-094F-4A29-8B0A-AC7E89133327}.Release|Any CPU.ActiveCfg = Release|Any CPU
		{E5FE29AA-094F-4A29-8B0A-AC7E89133327}.Release|Any CPU.Build.0 = Release|Any CPU
		{E5FE29AA-094F-4A29-8B0A-AC7E89133327}.Release|x86.ActiveCfg = Release|Any CPU
		{E5FE29AA-094F-4A29-8B0A-AC7E89133327}.Release|x86.Build.0 = Release|Any CPU
		{A93E6139-1D2C-464F-8DDF-C6AAB134AB2A}.Debug|Any CPU.ActiveCfg = Debug|Any CPU
		{A93E6139-1D2C-464F-8DDF-C6AAB134AB2A}.Debug|Any CPU.Build.0 = Debug|Any CPU
		{A93E6139-1D2C-464F-8DDF-C6AAB134AB2A}.Debug|x86.ActiveCfg = Debug|Any CPU
		{A93E6139-1D2C-464F-8DDF-C6AAB134AB2A}.Debug|x86.Build.0 = Debug|Any CPU
		{A93E6139-1D2C-464F-8DDF-C6AAB134AB2A}.Release|Any CPU.ActiveCfg = Release|Any CPU
		{A93E6139-1D2C-464F-8DDF-C6AAB134AB2A}.Release|Any CPU.Build.0 = Release|Any CPU
		{A93E6139-1D2C-464F-8DDF-C6AAB134AB2A}.Release|x86.ActiveCfg = Release|Any CPU
		{A93E6139-1D2C-464F-8DDF-C6AAB134AB2A}.Release|x86.Build.0 = Release|Any CPU
		{D0FFE39D-0A0A-4DE3-95BE-929CAAAC3172}.Debug|Any CPU.ActiveCfg = Debug|Any CPU
		{D0FFE39D-0A0A-4DE3-95BE-929CAAAC3172}.Debug|Any CPU.Build.0 = Debug|Any CPU
		{D0FFE39D-0A0A-4DE3-95BE-929CAAAC3172}.Debug|x86.ActiveCfg = Debug|Any CPU
		{D0FFE39D-0A0A-4DE3-95BE-929CAAAC3172}.Debug|x86.Build.0 = Debug|Any CPU
		{D0FFE39D-0A0A-4DE3-95BE-929CAAAC3172}.Release|Any CPU.ActiveCfg = Release|Any CPU
		{D0FFE39D-0A0A-4DE3-95BE-929CAAAC3172}.Release|Any CPU.Build.0 = Release|Any CPU
		{D0FFE39D-0A0A-4DE3-95BE-929CAAAC3172}.Release|x86.ActiveCfg = Release|Any CPU
		{D0FFE39D-0A0A-4DE3-95BE-929CAAAC3172}.Release|x86.Build.0 = Release|Any CPU
		{7A7A8E0C-E311-4338-9B7E-217E3F1AB2E9}.Debug|Any CPU.ActiveCfg = Debug|Any CPU
		{7A7A8E0C-E311-4338-9B7E-217E3F1AB2E9}.Debug|Any CPU.Build.0 = Debug|Any CPU
		{7A7A8E0C-E311-4338-9B7E-217E3F1AB2E9}.Debug|x86.ActiveCfg = Debug|Any CPU
		{7A7A8E0C-E311-4338-9B7E-217E3F1AB2E9}.Debug|x86.Build.0 = Debug|Any CPU
		{7A7A8E0C-E311-4338-9B7E-217E3F1AB2E9}.Release|Any CPU.ActiveCfg = Release|Any CPU
		{7A7A8E0C-E311-4338-9B7E-217E3F1AB2E9}.Release|Any CPU.Build.0 = Release|Any CPU
		{7A7A8E0C-E311-4338-9B7E-217E3F1AB2E9}.Release|x86.ActiveCfg = Release|Any CPU
		{7A7A8E0C-E311-4338-9B7E-217E3F1AB2E9}.Release|x86.Build.0 = Release|Any CPU
		{8E080285-F471-45EC-A5D8-30CCFA2730CF}.Debug|Any CPU.ActiveCfg = Debug|Any CPU
		{8E080285-F471-45EC-A5D8-30CCFA2730CF}.Debug|Any CPU.Build.0 = Debug|Any CPU
		{8E080285-F471-45EC-A5D8-30CCFA2730CF}.Debug|x86.ActiveCfg = Debug|Any CPU
		{8E080285-F471-45EC-A5D8-30CCFA2730CF}.Debug|x86.Build.0 = Debug|Any CPU
		{8E080285-F471-45EC-A5D8-30CCFA2730CF}.Release|Any CPU.ActiveCfg = Release|Any CPU
		{8E080285-F471-45EC-A5D8-30CCFA2730CF}.Release|Any CPU.Build.0 = Release|Any CPU
		{8E080285-F471-45EC-A5D8-30CCFA2730CF}.Release|x86.ActiveCfg = Release|Any CPU
		{8E080285-F471-45EC-A5D8-30CCFA2730CF}.Release|x86.Build.0 = Release|Any CPU
		{AED41652-B196-4B26-9A6B-9CEE7F73FA08}.Debug|Any CPU.ActiveCfg = Debug|Any CPU
		{AED41652-B196-4B26-9A6B-9CEE7F73FA08}.Debug|Any CPU.Build.0 = Debug|Any CPU
		{AED41652-B196-4B26-9A6B-9CEE7F73FA08}.Debug|x86.ActiveCfg = Debug|Any CPU
		{AED41652-B196-4B26-9A6B-9CEE7F73FA08}.Debug|x86.Build.0 = Debug|Any CPU
		{AED41652-B196-4B26-9A6B-9CEE7F73FA08}.Release|Any CPU.ActiveCfg = Release|Any CPU
		{AED41652-B196-4B26-9A6B-9CEE7F73FA08}.Release|Any CPU.Build.0 = Release|Any CPU
		{AED41652-B196-4B26-9A6B-9CEE7F73FA08}.Release|x86.ActiveCfg = Release|Any CPU
		{AED41652-B196-4B26-9A6B-9CEE7F73FA08}.Release|x86.Build.0 = Release|Any CPU
		{8F981031-C11C-4415-ACB5-4451939094E2}.Debug|Any CPU.ActiveCfg = Debug|Any CPU
		{8F981031-C11C-4415-ACB5-4451939094E2}.Debug|Any CPU.Build.0 = Debug|Any CPU
		{8F981031-C11C-4415-ACB5-4451939094E2}.Debug|x86.ActiveCfg = Debug|Any CPU
		{8F981031-C11C-4415-ACB5-4451939094E2}.Debug|x86.Build.0 = Debug|Any CPU
		{8F981031-C11C-4415-ACB5-4451939094E2}.Release|Any CPU.ActiveCfg = Release|Any CPU
		{8F981031-C11C-4415-ACB5-4451939094E2}.Release|Any CPU.Build.0 = Release|Any CPU
		{8F981031-C11C-4415-ACB5-4451939094E2}.Release|x86.ActiveCfg = Release|Any CPU
		{8F981031-C11C-4415-ACB5-4451939094E2}.Release|x86.Build.0 = Release|Any CPU
		{2B97B337-384F-4AFC-B7B5-B815069FED6B}.Debug|Any CPU.ActiveCfg = Debug|Any CPU
		{2B97B337-384F-4AFC-B7B5-B815069FED6B}.Debug|Any CPU.Build.0 = Debug|Any CPU
		{2B97B337-384F-4AFC-B7B5-B815069FED6B}.Debug|x86.ActiveCfg = Debug|Any CPU
		{2B97B337-384F-4AFC-B7B5-B815069FED6B}.Debug|x86.Build.0 = Debug|Any CPU
		{2B97B337-384F-4AFC-B7B5-B815069FED6B}.Release|Any CPU.ActiveCfg = Release|Any CPU
		{2B97B337-384F-4AFC-B7B5-B815069FED6B}.Release|Any CPU.Build.0 = Release|Any CPU
		{2B97B337-384F-4AFC-B7B5-B815069FED6B}.Release|x86.ActiveCfg = Release|Any CPU
		{2B97B337-384F-4AFC-B7B5-B815069FED6B}.Release|x86.Build.0 = Release|Any CPU
		{465AEAF1-86EF-402E-8214-B4B5BD86ECE9}.Debug|Any CPU.ActiveCfg = Debug|Any CPU
		{465AEAF1-86EF-402E-8214-B4B5BD86ECE9}.Debug|Any CPU.Build.0 = Debug|Any CPU
		{465AEAF1-86EF-402E-8214-B4B5BD86ECE9}.Debug|x86.ActiveCfg = Debug|Any CPU
		{465AEAF1-86EF-402E-8214-B4B5BD86ECE9}.Debug|x86.Build.0 = Debug|Any CPU
		{465AEAF1-86EF-402E-8214-B4B5BD86ECE9}.Release|Any CPU.ActiveCfg = Release|Any CPU
		{465AEAF1-86EF-402E-8214-B4B5BD86ECE9}.Release|Any CPU.Build.0 = Release|Any CPU
		{465AEAF1-86EF-402E-8214-B4B5BD86ECE9}.Release|x86.ActiveCfg = Release|Any CPU
		{465AEAF1-86EF-402E-8214-B4B5BD86ECE9}.Release|x86.Build.0 = Release|Any CPU
		{3FC3B90C-74D5-4568-9932-666DCAD8F0C6}.Debug|Any CPU.ActiveCfg = Debug|Any CPU
		{3FC3B90C-74D5-4568-9932-666DCAD8F0C6}.Debug|Any CPU.Build.0 = Debug|Any CPU
		{3FC3B90C-74D5-4568-9932-666DCAD8F0C6}.Debug|x86.ActiveCfg = Debug|Any CPU
		{3FC3B90C-74D5-4568-9932-666DCAD8F0C6}.Debug|x86.Build.0 = Debug|Any CPU
		{3FC3B90C-74D5-4568-9932-666DCAD8F0C6}.Release|Any CPU.ActiveCfg = Release|Any CPU
		{3FC3B90C-74D5-4568-9932-666DCAD8F0C6}.Release|Any CPU.Build.0 = Release|Any CPU
		{3FC3B90C-74D5-4568-9932-666DCAD8F0C6}.Release|x86.ActiveCfg = Release|Any CPU
		{3FC3B90C-74D5-4568-9932-666DCAD8F0C6}.Release|x86.Build.0 = Release|Any CPU
		{9AC87474-8775-4CE9-8E45-A624EEB72D4C}.Debug|Any CPU.ActiveCfg = Debug|Any CPU
		{9AC87474-8775-4CE9-8E45-A624EEB72D4C}.Debug|Any CPU.Build.0 = Debug|Any CPU
		{9AC87474-8775-4CE9-8E45-A624EEB72D4C}.Debug|x86.ActiveCfg = Debug|Any CPU
		{9AC87474-8775-4CE9-8E45-A624EEB72D4C}.Debug|x86.Build.0 = Debug|Any CPU
		{9AC87474-8775-4CE9-8E45-A624EEB72D4C}.Release|Any CPU.ActiveCfg = Release|Any CPU
		{9AC87474-8775-4CE9-8E45-A624EEB72D4C}.Release|Any CPU.Build.0 = Release|Any CPU
		{9AC87474-8775-4CE9-8E45-A624EEB72D4C}.Release|x86.ActiveCfg = Release|Any CPU
		{9AC87474-8775-4CE9-8E45-A624EEB72D4C}.Release|x86.Build.0 = Release|Any CPU
		{032C00FD-973B-4CB3-BA7A-D082E144C824}.Debug|Any CPU.ActiveCfg = Debug|Any CPU
		{032C00FD-973B-4CB3-BA7A-D082E144C824}.Debug|Any CPU.Build.0 = Debug|Any CPU
		{032C00FD-973B-4CB3-BA7A-D082E144C824}.Debug|x86.ActiveCfg = Debug|Any CPU
		{032C00FD-973B-4CB3-BA7A-D082E144C824}.Debug|x86.Build.0 = Debug|Any CPU
		{032C00FD-973B-4CB3-BA7A-D082E144C824}.Release|Any CPU.ActiveCfg = Release|Any CPU
		{032C00FD-973B-4CB3-BA7A-D082E144C824}.Release|Any CPU.Build.0 = Release|Any CPU
		{032C00FD-973B-4CB3-BA7A-D082E144C824}.Release|x86.ActiveCfg = Release|Any CPU
		{032C00FD-973B-4CB3-BA7A-D082E144C824}.Release|x86.Build.0 = Release|Any CPU
		{83C9EF81-AD46-4915-9FBE-A6E60A9E52EA}.Debug|Any CPU.ActiveCfg = Debug|Any CPU
		{83C9EF81-AD46-4915-9FBE-A6E60A9E52EA}.Debug|Any CPU.Build.0 = Debug|Any CPU
		{83C9EF81-AD46-4915-9FBE-A6E60A9E52EA}.Debug|x86.ActiveCfg = Debug|Any CPU
		{83C9EF81-AD46-4915-9FBE-A6E60A9E52EA}.Debug|x86.Build.0 = Debug|Any CPU
		{83C9EF81-AD46-4915-9FBE-A6E60A9E52EA}.Release|Any CPU.ActiveCfg = Release|Any CPU
		{83C9EF81-AD46-4915-9FBE-A6E60A9E52EA}.Release|Any CPU.Build.0 = Release|Any CPU
		{83C9EF81-AD46-4915-9FBE-A6E60A9E52EA}.Release|x86.ActiveCfg = Release|Any CPU
		{83C9EF81-AD46-4915-9FBE-A6E60A9E52EA}.Release|x86.Build.0 = Release|Any CPU
		{6C67B39D-48E4-4219-9A8A-26B1D0539447}.Debug|Any CPU.ActiveCfg = Debug|Any CPU
		{6C67B39D-48E4-4219-9A8A-26B1D0539447}.Debug|Any CPU.Build.0 = Debug|Any CPU
		{6C67B39D-48E4-4219-9A8A-26B1D0539447}.Debug|x86.ActiveCfg = Debug|Any CPU
		{6C67B39D-48E4-4219-9A8A-26B1D0539447}.Debug|x86.Build.0 = Debug|Any CPU
		{6C67B39D-48E4-4219-9A8A-26B1D0539447}.Release|Any CPU.ActiveCfg = Release|Any CPU
		{6C67B39D-48E4-4219-9A8A-26B1D0539447}.Release|Any CPU.Build.0 = Release|Any CPU
		{6C67B39D-48E4-4219-9A8A-26B1D0539447}.Release|x86.ActiveCfg = Release|Any CPU
		{6C67B39D-48E4-4219-9A8A-26B1D0539447}.Release|x86.Build.0 = Release|Any CPU
		{104F8172-2A00-4173-B724-9D359DC649A3}.Debug|Any CPU.ActiveCfg = Debug|Any CPU
		{104F8172-2A00-4173-B724-9D359DC649A3}.Debug|Any CPU.Build.0 = Debug|Any CPU
		{104F8172-2A00-4173-B724-9D359DC649A3}.Debug|x86.ActiveCfg = Debug|Any CPU
		{104F8172-2A00-4173-B724-9D359DC649A3}.Debug|x86.Build.0 = Debug|Any CPU
		{104F8172-2A00-4173-B724-9D359DC649A3}.Release|Any CPU.ActiveCfg = Release|Any CPU
		{104F8172-2A00-4173-B724-9D359DC649A3}.Release|Any CPU.Build.0 = Release|Any CPU
		{104F8172-2A00-4173-B724-9D359DC649A3}.Release|x86.ActiveCfg = Release|Any CPU
		{104F8172-2A00-4173-B724-9D359DC649A3}.Release|x86.Build.0 = Release|Any CPU
		{8E0FF1CE-48C5-4B4E-917E-05F3A4B541D0}.Debug|Any CPU.ActiveCfg = Debug|Any CPU
		{8E0FF1CE-48C5-4B4E-917E-05F3A4B541D0}.Debug|Any CPU.Build.0 = Debug|Any CPU
		{8E0FF1CE-48C5-4B4E-917E-05F3A4B541D0}.Debug|x86.ActiveCfg = Debug|Any CPU
		{8E0FF1CE-48C5-4B4E-917E-05F3A4B541D0}.Debug|x86.Build.0 = Debug|Any CPU
		{8E0FF1CE-48C5-4B4E-917E-05F3A4B541D0}.Release|Any CPU.ActiveCfg = Release|Any CPU
		{8E0FF1CE-48C5-4B4E-917E-05F3A4B541D0}.Release|Any CPU.Build.0 = Release|Any CPU
		{8E0FF1CE-48C5-4B4E-917E-05F3A4B541D0}.Release|x86.ActiveCfg = Release|Any CPU
		{8E0FF1CE-48C5-4B4E-917E-05F3A4B541D0}.Release|x86.Build.0 = Release|Any CPU
		{BB63EE73-7004-4D79-BC5E-EC6E5CFD3A95}.Debug|Any CPU.ActiveCfg = Debug|Any CPU
		{BB63EE73-7004-4D79-BC5E-EC6E5CFD3A95}.Debug|Any CPU.Build.0 = Debug|Any CPU
		{BB63EE73-7004-4D79-BC5E-EC6E5CFD3A95}.Debug|x86.ActiveCfg = Debug|Any CPU
		{BB63EE73-7004-4D79-BC5E-EC6E5CFD3A95}.Debug|x86.Build.0 = Debug|Any CPU
		{BB63EE73-7004-4D79-BC5E-EC6E5CFD3A95}.Release|Any CPU.ActiveCfg = Release|Any CPU
		{BB63EE73-7004-4D79-BC5E-EC6E5CFD3A95}.Release|Any CPU.Build.0 = Release|Any CPU
		{BB63EE73-7004-4D79-BC5E-EC6E5CFD3A95}.Release|x86.ActiveCfg = Release|Any CPU
		{BB63EE73-7004-4D79-BC5E-EC6E5CFD3A95}.Release|x86.Build.0 = Release|Any CPU
		{E7A35B80-CC8B-4948-ADF2-C28151155D4B}.Debug|Any CPU.ActiveCfg = Debug|Any CPU
		{E7A35B80-CC8B-4948-ADF2-C28151155D4B}.Debug|Any CPU.Build.0 = Debug|Any CPU
		{E7A35B80-CC8B-4948-ADF2-C28151155D4B}.Debug|x86.ActiveCfg = Debug|Any CPU
		{E7A35B80-CC8B-4948-ADF2-C28151155D4B}.Debug|x86.Build.0 = Debug|Any CPU
		{E7A35B80-CC8B-4948-ADF2-C28151155D4B}.Release|Any CPU.ActiveCfg = Release|Any CPU
		{E7A35B80-CC8B-4948-ADF2-C28151155D4B}.Release|Any CPU.Build.0 = Release|Any CPU
		{E7A35B80-CC8B-4948-ADF2-C28151155D4B}.Release|x86.ActiveCfg = Release|Any CPU
		{E7A35B80-CC8B-4948-ADF2-C28151155D4B}.Release|x86.Build.0 = Release|Any CPU
		{7FE3979F-BCA1-47E1-8FD1-8A662841369B}.Debug|Any CPU.ActiveCfg = Debug|Any CPU
		{7FE3979F-BCA1-47E1-8FD1-8A662841369B}.Debug|Any CPU.Build.0 = Debug|Any CPU
		{7FE3979F-BCA1-47E1-8FD1-8A662841369B}.Debug|x86.ActiveCfg = Debug|x86
		{7FE3979F-BCA1-47E1-8FD1-8A662841369B}.Debug|x86.Build.0 = Debug|x86
		{7FE3979F-BCA1-47E1-8FD1-8A662841369B}.Release|Any CPU.ActiveCfg = Release|Any CPU
		{7FE3979F-BCA1-47E1-8FD1-8A662841369B}.Release|Any CPU.Build.0 = Release|Any CPU
		{7FE3979F-BCA1-47E1-8FD1-8A662841369B}.Release|x86.ActiveCfg = Release|x86
		{7FE3979F-BCA1-47E1-8FD1-8A662841369B}.Release|x86.Build.0 = Release|x86
		{FB84D3F7-6E57-44C9-A891-A8079872FA0E}.Debug|Any CPU.ActiveCfg = Debug|Any CPU
		{FB84D3F7-6E57-44C9-A891-A8079872FA0E}.Debug|Any CPU.Build.0 = Debug|Any CPU
		{FB84D3F7-6E57-44C9-A891-A8079872FA0E}.Debug|x86.ActiveCfg = Debug|x86
		{FB84D3F7-6E57-44C9-A891-A8079872FA0E}.Debug|x86.Build.0 = Debug|x86
		{FB84D3F7-6E57-44C9-A891-A8079872FA0E}.Release|Any CPU.ActiveCfg = Release|Any CPU
		{FB84D3F7-6E57-44C9-A891-A8079872FA0E}.Release|Any CPU.Build.0 = Release|Any CPU
		{FB84D3F7-6E57-44C9-A891-A8079872FA0E}.Release|x86.ActiveCfg = Release|x86
		{FB84D3F7-6E57-44C9-A891-A8079872FA0E}.Release|x86.Build.0 = Release|x86
		{81B5D126-AF6B-4D80-B94F-413EFC540F99}.Debug|Any CPU.ActiveCfg = Debug|Any CPU
		{81B5D126-AF6B-4D80-B94F-413EFC540F99}.Debug|Any CPU.Build.0 = Debug|Any CPU
		{81B5D126-AF6B-4D80-B94F-413EFC540F99}.Debug|x86.ActiveCfg = Debug|Any CPU
		{81B5D126-AF6B-4D80-B94F-413EFC540F99}.Debug|x86.Build.0 = Debug|Any CPU
		{81B5D126-AF6B-4D80-B94F-413EFC540F99}.Release|Any CPU.ActiveCfg = Release|Any CPU
		{81B5D126-AF6B-4D80-B94F-413EFC540F99}.Release|Any CPU.Build.0 = Release|Any CPU
		{81B5D126-AF6B-4D80-B94F-413EFC540F99}.Release|x86.ActiveCfg = Release|Any CPU
		{81B5D126-AF6B-4D80-B94F-413EFC540F99}.Release|x86.Build.0 = Release|Any CPU
	EndGlobalSection
	GlobalSection(SolutionProperties) = preSolution
		HideSolutionNode = FALSE
	EndGlobalSection
	GlobalSection(ExtensibilityGlobals) = postSolution
		SolutionGuid = {AD3A870C-0AE6-45C0-B543-95979855EA54}
	EndGlobalSection
EndGlobal
